{
  "name": "@azure-workload-identity-sample/azid-node",
  "version": "0.0.1",
  "lockfileVersion": 2,
  "requires": true,
  "packages": {
    "": {
      "name": "@azure-workload-identity-sample/azid-node",
      "version": "0.0.1",
      "dependencies": {
        "@azure/identity": "^3.1.4",
        "@azure/keyvault-secrets": "^4.6.0"
      }
    },
    "node_modules/@azure/abort-controller": {
      "version": "1.1.0",
      "resolved": "https://registry.npmjs.org/@azure/abort-controller/-/abort-controller-1.1.0.tgz",
      "integrity": "sha512-TrRLIoSQVzfAJX9H1JeFjzAoDGcoK1IYX1UImfceTZpsyYfWr09Ss1aHW1y5TrrR3iq6RZLBwJ3E24uwPhwahw==",
      "dependencies": {
        "tslib": "^2.2.0"
      },
      "engines": {
        "node": ">=12.0.0"
      }
    },
    "node_modules/@azure/core-auth": {
      "version": "1.4.0",
      "resolved": "https://registry.npmjs.org/@azure/core-auth/-/core-auth-1.4.0.tgz",
      "integrity": "sha512-HFrcTgmuSuukRf/EdPmqBrc5l6Q5Uu+2TbuhaKbgaCpP2TfAeiNaQPAadxO+CYBRHGUzIDteMAjFspFLDLnKVQ==",
      "dependencies": {
        "@azure/abort-controller": "^1.0.0",
        "tslib": "^2.2.0"
      },
      "engines": {
        "node": ">=12.0.0"
      }
    },
    "node_modules/@azure/core-client": {
      "version": "1.6.1",
      "resolved": "https://registry.npmjs.org/@azure/core-client/-/core-client-1.6.1.tgz",
      "integrity": "sha512-mZ1MSKhZBYoV8GAWceA+PEJFWV2VpdNSpxxcj1wjIAOi00ykRuIQChT99xlQGZWLY3/NApWhSImlFwsmCEs4vA==",
      "dependencies": {
        "@azure/abort-controller": "^1.0.0",
        "@azure/core-auth": "^1.4.0",
        "@azure/core-rest-pipeline": "^1.9.1",
        "@azure/core-tracing": "^1.0.0",
        "@azure/core-util": "^1.0.0",
        "@azure/logger": "^1.0.0",
        "tslib": "^2.2.0"
      },
      "engines": {
        "node": ">=12.0.0"
      }
    },
    "node_modules/@azure/core-http-compat": {
      "version": "1.3.0",
      "resolved": "https://registry.npmjs.org/@azure/core-http-compat/-/core-http-compat-1.3.0.tgz",
      "integrity": "sha512-ZN9avruqbQ5TxopzG3ih3KRy52n8OAbitX3fnZT5go4hzu0J+KVPSzkL+Wt3hpJpdG8WIfg1sBD1tWkgUdEpBA==",
      "dependencies": {
        "@azure/abort-controller": "^1.0.4",
        "@azure/core-client": "^1.3.0",
        "@azure/core-rest-pipeline": "^1.3.0"
      },
      "engines": {
        "node": ">=12.0.0"
      }
    },
    "node_modules/@azure/core-lro": {
      "version": "2.4.0",
      "resolved": "https://registry.npmjs.org/@azure/core-lro/-/core-lro-2.4.0.tgz",
      "integrity": "sha512-F65+rYkll1dpw3RGm8/SSiSj+/QkMeYDanzS/QKlM1dmuneVyXbO46C88V1MRHluLGdMP6qfD3vDRYALn0z0tQ==",
      "dependencies": {
        "@azure/abort-controller": "^1.0.0",
        "@azure/logger": "^1.0.0",
        "tslib": "^2.2.0"
      },
      "engines": {
        "node": ">=12.0.0"
      }
    },
    "node_modules/@azure/core-paging": {
      "version": "1.3.0",
      "resolved": "https://registry.npmjs.org/@azure/core-paging/-/core-paging-1.3.0.tgz",
      "integrity": "sha512-H6Tg9eBm0brHqLy0OSAGzxIh1t4UL8eZVrSUMJ60Ra9cwq2pOskFqVpz2pYoHDsBY1jZ4V/P8LRGb5D5pmC6rg==",
      "dependencies": {
        "tslib": "^2.2.0"
      },
      "engines": {
        "node": ">=12.0.0"
      }
    },
    "node_modules/@azure/core-rest-pipeline": {
      "version": "1.9.2",
      "resolved": "https://registry.npmjs.org/@azure/core-rest-pipeline/-/core-rest-pipeline-1.9.2.tgz",
      "integrity": "sha512-8rXI6ircjenaLp+PkOFpo37tQ1PQfztZkfVj97BIF3RPxHAsoVSgkJtu3IK/bUEWcb7HzXSoyBe06M7ODRkRyw==",
      "dependencies": {
        "@azure/abort-controller": "^1.0.0",
        "@azure/core-auth": "^1.4.0",
        "@azure/core-tracing": "^1.0.1",
        "@azure/core-util": "^1.0.0",
        "@azure/logger": "^1.0.0",
        "form-data": "^4.0.0",
        "http-proxy-agent": "^5.0.0",
        "https-proxy-agent": "^5.0.0",
        "tslib": "^2.2.0",
        "uuid": "^8.3.0"
      },
      "engines": {
        "node": ">=12.0.0"
      }
    },
    "node_modules/@azure/core-tracing": {
      "version": "1.0.1",
      "resolved": "https://registry.npmjs.org/@azure/core-tracing/-/core-tracing-1.0.1.tgz",
      "integrity": "sha512-I5CGMoLtX+pI17ZdiFJZgxMJApsK6jjfm85hpgp3oazCdq5Wxgh4wMr7ge/TTWW1B5WBuvIOI1fMU/FrOAMKrw==",
      "dependencies": {
        "tslib": "^2.2.0"
      },
      "engines": {
        "node": ">=12.0.0"
      }
    },
    "node_modules/@azure/core-util": {
      "version": "1.1.0",
      "resolved": "https://registry.npmjs.org/@azure/core-util/-/core-util-1.1.0.tgz",
      "integrity": "sha512-+i93lNJNA3Pl3KSuC6xKP2jTL4YFeDfO6VNOaYdk0cppZcLCxt811gS878VsqsCisaltdhl9lhMzK5kbxCiF4w==",
      "dependencies": {
        "tslib": "^2.2.0"
      },
      "engines": {
        "node": ">=12.0.0"
      }
    },
    "node_modules/@azure/identity": {
      "version": "3.1.4",
      "resolved": "https://registry.npmjs.org/@azure/identity/-/identity-3.1.4.tgz",
      "integrity": "sha512-USvxmO6p7dFEcz1e0Kq/WQY6YbvX8hOeIibxxLBQC4Pxl4QK+DL72agZ9e5RYZc55QjC7Ja6q1+mQaXfmbrLhA==",
      "dependencies": {
        "@azure/abort-controller": "^1.0.0",
        "@azure/core-auth": "^1.3.0",
        "@azure/core-client": "^1.4.0",
        "@azure/core-rest-pipeline": "^1.1.0",
        "@azure/core-tracing": "^1.0.0",
        "@azure/core-util": "^1.0.0",
        "@azure/logger": "^1.0.0",
        "@azure/msal-browser": "^2.32.2",
        "@azure/msal-common": "^9.0.2",
        "@azure/msal-node": "^1.14.6",
        "events": "^3.0.0",
        "jws": "^4.0.0",
        "open": "^8.0.0",
        "stoppable": "^1.1.0",
        "tslib": "^2.2.0",
        "uuid": "^8.3.0"
      },
      "engines": {
        "node": ">=14.0.0"
      }
    },
    "node_modules/@azure/keyvault-secrets": {
      "version": "4.6.0",
      "resolved": "https://registry.npmjs.org/@azure/keyvault-secrets/-/keyvault-secrets-4.6.0.tgz",
      "integrity": "sha512-MDqsyODCGC2srqLKmO6MFw9WdgLrbPsfCNxgbekHXEd6XKM6KKyBlup5joj96EmdfZnXDFriecAIpj0Dtu81RQ==",
      "dependencies": {
        "@azure/abort-controller": "^1.0.0",
        "@azure/core-auth": "^1.3.0",
        "@azure/core-client": "^1.5.0",
        "@azure/core-http-compat": "^1.3.0",
        "@azure/core-lro": "^2.2.0",
        "@azure/core-paging": "^1.1.1",
        "@azure/core-rest-pipeline": "^1.8.0",
        "@azure/core-tracing": "^1.0.0",
        "@azure/core-util": "^1.0.0",
        "@azure/logger": "^1.0.0",
        "tslib": "^2.2.0"
      },
      "engines": {
        "node": ">=12.0.0"
      }
    },
    "node_modules/@azure/logger": {
      "version": "1.0.3",
      "resolved": "https://registry.npmjs.org/@azure/logger/-/logger-1.0.3.tgz",
      "integrity": "sha512-aK4s3Xxjrx3daZr3VylxejK3vG5ExXck5WOHDJ8in/k9AqlfIyFMMT1uG7u8mNjX+QRILTIn0/Xgschfh/dQ9g==",
      "dependencies": {
        "tslib": "^2.2.0"
      },
      "engines": {
        "node": ">=12.0.0"
      }
    },
    "node_modules/@azure/msal-browser": {
      "version": "2.36.0",
      "resolved": "https://registry.npmjs.org/@azure/msal-browser/-/msal-browser-2.36.0.tgz",
      "integrity": "sha512-OrVDZ9ftO7ExqZVHripAt+doKg6G14YbP2LoSygiWQoSqoO4CejoXLRLqANc/HGg18N0p/oaRETw4IHZvwsxZw==",
      "dependencies": {
        "@azure/msal-common": "^12.1.0"
      },
      "engines": {
        "node": ">=0.8.0"
      }
    },
    "node_modules/@azure/msal-browser/node_modules/@azure/msal-common": {
      "version": "12.1.0",
      "resolved": "https://registry.npmjs.org/@azure/msal-common/-/msal-common-12.1.0.tgz",
      "integrity": "sha512-9RUiv0evSHvYtvF7r9ksShw9FgCeT6Rf6JB/SOMbMzI0VySZDUBSE+0b9e7DgL2Ph8wSARIh3m8c5pCK9TRY3w==",
      "engines": {
        "node": ">=0.8.0"
      }
    },
    "node_modules/@azure/msal-common": {
      "version": "9.1.1",
      "resolved": "https://registry.npmjs.org/@azure/msal-common/-/msal-common-9.1.1.tgz",
      "integrity": "sha512-we9xR8lvu47fF0h+J8KyXoRy9+G/fPzm3QEa2TrdR3jaVS3LKAyE2qyMuUkNdbVkvzl8Zr9f7l+IUSP22HeqXw==",
      "engines": {
        "node": ">=0.8.0"
      }
    },
    "node_modules/@azure/msal-node": {
      "version": "1.14.6",
      "resolved": "https://registry.npmjs.org/@azure/msal-node/-/msal-node-1.14.6.tgz",
      "integrity": "sha512-em/qqFL5tLMxMPl9vormAs13OgZpmQoJbiQ/GlWr+BA77eCLoL+Ehr5xRHowYo+LFe5b+p+PJVkRvT+mLvOkwA==",
      "dependencies": {
        "@azure/msal-common": "^9.0.2",
        "jsonwebtoken": "^9.0.0",
        "uuid": "^8.3.0"
      },
      "engines": {
        "node": "10 || 12 || 14 || 16 || 18"
      }
    },
    "node_modules/@tootallnate/once": {
      "version": "2.0.0",
      "resolved": "https://registry.npmjs.org/@tootallnate/once/-/once-2.0.0.tgz",
      "integrity": "sha512-XCuKFP5PS55gnMVu3dty8KPatLqUoy/ZYzDzAGCQ8JNFCkLXzmI7vNHCR+XpbZaMWQK/vQubr7PkYq8g470J/A==",
      "engines": {
        "node": ">= 10"
      }
    },
    "node_modules/agent-base": {
      "version": "6.0.2",
      "resolved": "https://registry.npmjs.org/agent-base/-/agent-base-6.0.2.tgz",
      "integrity": "sha512-RZNwNclF7+MS/8bDg70amg32dyeZGZxiDuQmZxKLAlQjr3jGyLx+4Kkk58UO7D2QdgFIQCovuSuZESne6RG6XQ==",
      "dependencies": {
        "debug": "4"
      },
      "engines": {
        "node": ">= 6.0.0"
      }
    },
    "node_modules/asynckit": {
      "version": "0.4.0",
      "resolved": "https://registry.npmjs.org/asynckit/-/asynckit-0.4.0.tgz",
      "integrity": "sha512-Oei9OH4tRh0YqU3GxhX79dM/mwVgvbZJaSNaRk+bshkj0S5cfHcgYakreBjrHwatXKbz+IoIdYLxrKim2MjW0Q=="
    },
    "node_modules/buffer-equal-constant-time": {
      "version": "1.0.1",
      "resolved": "https://registry.npmjs.org/buffer-equal-constant-time/-/buffer-equal-constant-time-1.0.1.tgz",
      "integrity": "sha512-zRpUiDwd/xk6ADqPMATG8vc9VPrkck7T07OIx0gnjmJAnHnTVXNQG3vfvWNuiZIkwu9KrKdA1iJKfsfTVxE6NA=="
    },
    "node_modules/combined-stream": {
      "version": "1.0.8",
      "resolved": "https://registry.npmjs.org/combined-stream/-/combined-stream-1.0.8.tgz",
      "integrity": "sha512-FQN4MRfuJeHf7cBbBMJFXhKSDq+2kAArBlmRBvcvFE5BB1HZKXtSFASDhdlz9zOYwxh8lDdnvmMOe/+5cdoEdg==",
      "dependencies": {
        "delayed-stream": "~1.0.0"
      },
      "engines": {
        "node": ">= 0.8"
      }
    },
    "node_modules/debug": {
      "version": "4.3.4",
      "resolved": "https://registry.npmjs.org/debug/-/debug-4.3.4.tgz",
      "integrity": "sha512-PRWFHuSU3eDtQJPvnNY7Jcket1j0t5OuOsFzPPzsekD52Zl8qUfFIPEiswXqIvHWGVHOgX+7G/vCNNhehwxfkQ==",
      "dependencies": {
        "ms": "2.1.2"
      },
      "engines": {
        "node": ">=6.0"
      },
      "peerDependenciesMeta": {
        "supports-color": {
          "optional": true
        }
      }
    },
    "node_modules/define-lazy-prop": {
      "version": "2.0.0",
      "resolved": "https://registry.npmjs.org/define-lazy-prop/-/define-lazy-prop-2.0.0.tgz",
      "integrity": "sha512-Ds09qNh8yw3khSjiJjiUInaGX9xlqZDY7JVryGxdxV7NPeuqQfplOpQ66yJFZut3jLa5zOwkXw1g9EI2uKh4Og==",
      "engines": {
        "node": ">=8"
      }
    },
    "node_modules/delayed-stream": {
      "version": "1.0.0",
      "resolved": "https://registry.npmjs.org/delayed-stream/-/delayed-stream-1.0.0.tgz",
      "integrity": "sha512-ZySD7Nf91aLB0RxL4KGrKHBXl7Eds1DAmEdcoVawXnLD7SDhpNgtuII2aAkg7a7QS41jxPSZ17p4VdGnMHk3MQ==",
      "engines": {
        "node": ">=0.4.0"
      }
    },
    "node_modules/ecdsa-sig-formatter": {
      "version": "1.0.11",
      "resolved": "https://registry.npmjs.org/ecdsa-sig-formatter/-/ecdsa-sig-formatter-1.0.11.tgz",
      "integrity": "sha512-nagl3RYrbNv6kQkeJIpt6NJZy8twLB/2vtz6yN9Z4vRKHN4/QZJIEbqohALSgwKdnksuY3k5Addp5lg8sVoVcQ==",
      "dependencies": {
        "safe-buffer": "^5.0.1"
      }
    },
    "node_modules/events": {
      "version": "3.3.0",
      "resolved": "https://registry.npmjs.org/events/-/events-3.3.0.tgz",
      "integrity": "sha512-mQw+2fkQbALzQ7V0MY0IqdnXNOeTtP4r0lN9z7AAawCXgqea7bDii20AYrIBrFd/Hx0M2Ocz6S111CaFkUcb0Q==",
      "engines": {
        "node": ">=0.8.x"
      }
    },
    "node_modules/form-data": {
      "version": "4.0.0",
      "resolved": "https://registry.npmjs.org/form-data/-/form-data-4.0.0.tgz",
      "integrity": "sha512-ETEklSGi5t0QMZuiXoA/Q6vcnxcLQP5vdugSpuAyi6SVGi2clPPp+xgEhuMaHC+zGgn31Kd235W35f7Hykkaww==",
      "dependencies": {
        "asynckit": "^0.4.0",
        "combined-stream": "^1.0.8",
        "mime-types": "^2.1.12"
      },
      "engines": {
        "node": ">= 6"
      }
    },
    "node_modules/http-proxy-agent": {
      "version": "5.0.0",
      "resolved": "https://registry.npmjs.org/http-proxy-agent/-/http-proxy-agent-5.0.0.tgz",
      "integrity": "sha512-n2hY8YdoRE1i7r6M0w9DIw5GgZN0G25P8zLCRQ8rjXtTU3vsNFBI/vWK/UIeE6g5MUUz6avwAPXmL6Fy9D/90w==",
      "dependencies": {
        "@tootallnate/once": "2",
        "agent-base": "6",
        "debug": "4"
      },
      "engines": {
        "node": ">= 6"
      }
    },
    "node_modules/https-proxy-agent": {
      "version": "5.0.1",
      "resolved": "https://registry.npmjs.org/https-proxy-agent/-/https-proxy-agent-5.0.1.tgz",
      "integrity": "sha512-dFcAjpTQFgoLMzC2VwU+C/CbS7uRL0lWmxDITmqm7C+7F0Odmj6s9l6alZc6AELXhrnggM2CeWSXHGOdX2YtwA==",
      "dependencies": {
        "agent-base": "6",
        "debug": "4"
      },
      "engines": {
        "node": ">= 6"
      }
    },
    "node_modules/is-docker": {
      "version": "2.2.1",
      "resolved": "https://registry.npmjs.org/is-docker/-/is-docker-2.2.1.tgz",
      "integrity": "sha512-F+i2BKsFrH66iaUFc0woD8sLy8getkwTwtOBjvs56Cx4CgJDeKQeqfz8wAYiSb8JOprWhHH5p77PbmYCvvUuXQ==",
      "bin": {
        "is-docker": "cli.js"
      },
      "engines": {
        "node": ">=8"
      },
      "funding": {
        "url": "https://github.com/sponsors/sindresorhus"
      }
    },
    "node_modules/is-wsl": {
      "version": "2.2.0",
      "resolved": "https://registry.npmjs.org/is-wsl/-/is-wsl-2.2.0.tgz",
      "integrity": "sha512-fKzAra0rGJUUBwGBgNkHZuToZcn+TtXHpeCgmkMJMMYx1sQDYaCSyjJBSCa2nH1DGm7s3n1oBnohoVTBaN7Lww==",
      "dependencies": {
        "is-docker": "^2.0.0"
      },
      "engines": {
        "node": ">=8"
      }
    },
    "node_modules/jsonwebtoken": {
      "version": "9.0.0",
      "resolved": "https://registry.npmjs.org/jsonwebtoken/-/jsonwebtoken-9.0.0.tgz",
      "integrity": "sha512-tuGfYXxkQGDPnLJ7SibiQgVgeDgfbPq2k2ICcbgqW8WxWLBAxKQM/ZCu/IT8SOSwmaYl4dpTFCW5xZv7YbbWUw==",
      "dependencies": {
        "jws": "^3.2.2",
        "lodash": "^4.17.21",
        "ms": "^2.1.1",
        "semver": "^7.3.8"
      },
      "engines": {
        "node": ">=12",
        "npm": ">=6"
      }
    },
    "node_modules/jsonwebtoken/node_modules/jwa": {
      "version": "1.4.1",
      "resolved": "https://registry.npmjs.org/jwa/-/jwa-1.4.1.tgz",
      "integrity": "sha512-qiLX/xhEEFKUAJ6FiBMbes3w9ATzyk5W7Hvzpa/SLYdxNtng+gcurvrI7TbACjIXlsJyr05/S1oUhZrc63evQA==",
      "dependencies": {
        "buffer-equal-constant-time": "1.0.1",
        "ecdsa-sig-formatter": "1.0.11",
        "safe-buffer": "^5.0.1"
      }
    },
    "node_modules/jsonwebtoken/node_modules/jws": {
      "version": "3.2.2",
      "resolved": "https://registry.npmjs.org/jws/-/jws-3.2.2.tgz",
      "integrity": "sha512-YHlZCB6lMTllWDtSPHz/ZXTsi8S00usEV6v1tjq8tOUZzw7DpSDWVXjXDre6ed1w/pd495ODpHZYSdkRTsa0HA==",
      "dependencies": {
        "jwa": "^1.4.1",
        "safe-buffer": "^5.0.1"
      }
    },
    "node_modules/jwa": {
      "version": "2.0.0",
      "resolved": "https://registry.npmjs.org/jwa/-/jwa-2.0.0.tgz",
      "integrity": "sha512-jrZ2Qx916EA+fq9cEAeCROWPTfCwi1IVHqT2tapuqLEVVDKFDENFw1oL+MwrTvH6msKxsd1YTDVw6uKEcsrLEA==",
      "dependencies": {
        "buffer-equal-constant-time": "1.0.1",
        "ecdsa-sig-formatter": "1.0.11",
        "safe-buffer": "^5.0.1"
      }
    },
    "node_modules/jws": {
      "version": "4.0.0",
      "resolved": "https://registry.npmjs.org/jws/-/jws-4.0.0.tgz",
      "integrity": "sha512-KDncfTmOZoOMTFG4mBlG0qUIOlc03fmzH+ru6RgYVZhPkyiy/92Owlt/8UEN+a4TXR1FQetfIpJE8ApdvdVxTg==",
      "dependencies": {
        "jwa": "^2.0.0",
        "safe-buffer": "^5.0.1"
      }
    },
    "node_modules/lodash": {
      "version": "4.17.21",
      "resolved": "https://registry.npmjs.org/lodash/-/lodash-4.17.21.tgz",
      "integrity": "sha512-v2kDEe57lecTulaDIuNTPy3Ry4gLGJ6Z1O3vE1krgXZNrsQ+LFTGHVxVjcXPs17LhbZVGedAJv8XZ1tvj5FvSg=="
    },
    "node_modules/lru-cache": {
      "version": "6.0.0",
      "resolved": "https://registry.npmjs.org/lru-cache/-/lru-cache-6.0.0.tgz",
      "integrity": "sha512-Jo6dJ04CmSjuznwJSS3pUeWmd/H0ffTlkXXgwZi+eq1UCmqQwCh+eLsYOYCwY991i2Fah4h1BEMCx4qThGbsiA==",
      "dependencies": {
        "yallist": "^4.0.0"
      },
      "engines": {
        "node": ">=10"
      }
    },
    "node_modules/mime-db": {
      "version": "1.52.0",
      "resolved": "https://registry.npmjs.org/mime-db/-/mime-db-1.52.0.tgz",
      "integrity": "sha512-sPU4uV7dYlvtWJxwwxHD0PuihVNiE7TyAbQ5SWxDCB9mUYvOgroQOwYQQOKPJ8CIbE+1ETVlOoK1UC2nU3gYvg==",
      "engines": {
        "node": ">= 0.6"
      }
    },
    "node_modules/mime-types": {
      "version": "2.1.35",
      "resolved": "https://registry.npmjs.org/mime-types/-/mime-types-2.1.35.tgz",
      "integrity": "sha512-ZDY+bPm5zTTF+YpCrAU9nK0UgICYPT0QtT1NZWFv4s++TNkcgVaT0g6+4R2uI4MjQjzysHB1zxuWL50hzaeXiw==",
      "dependencies": {
        "mime-db": "1.52.0"
      },
      "engines": {
        "node": ">= 0.6"
      }
    },
    "node_modules/ms": {
      "version": "2.1.2",
      "resolved": "https://registry.npmjs.org/ms/-/ms-2.1.2.tgz",
      "integrity": "sha512-sGkPx+VjMtmA6MX27oA4FBFELFCZZ4S4XqeGOXCv68tT+jb3vk/RyaKWP0PTKyWtmLSM0b+adUTEvbs1PEaH2w=="
    },
    "node_modules/open": {
      "version": "8.4.0",
      "resolved": "https://registry.npmjs.org/open/-/open-8.4.0.tgz",
      "integrity": "sha512-XgFPPM+B28FtCCgSb9I+s9szOC1vZRSwgWsRUA5ylIxRTgKozqjOCrVOqGsYABPYK5qnfqClxZTFBa8PKt2v6Q==",
      "dependencies": {
        "define-lazy-prop": "^2.0.0",
        "is-docker": "^2.1.1",
        "is-wsl": "^2.2.0"
      },
      "engines": {
        "node": ">=12"
      },
      "funding": {
        "url": "https://github.com/sponsors/sindresorhus"
      }
    },
    "node_modules/safe-buffer": {
      "version": "5.2.1",
      "resolved": "https://registry.npmjs.org/safe-buffer/-/safe-buffer-5.2.1.tgz",
      "integrity": "sha512-rp3So07KcdmmKbGvgaNxQSJr7bGVSVk5S9Eq1F+ppbRo70+YeaDxkw5Dd8NPN+GD6bjnYm2VuPuCXmpuYvmCXQ==",
      "funding": [
        {
          "type": "github",
          "url": "https://github.com/sponsors/feross"
        },
        {
          "type": "patreon",
          "url": "https://www.patreon.com/feross"
        },
        {
          "type": "consulting",
          "url": "https://feross.org/support"
        }
      ]
    },
    "node_modules/semver": {
      "version": "7.3.8",
      "resolved": "https://registry.npmjs.org/semver/-/semver-7.3.8.tgz",
      "integrity": "sha512-NB1ctGL5rlHrPJtFDVIVzTyQylMLu9N9VICA6HSFJo8MCGVTMW6gfpicwKmmK/dAjTOrqu5l63JJOpDSrAis3A==",
      "dependencies": {
        "lru-cache": "^6.0.0"
      },
      "bin": {
        "semver": "bin/semver.js"
      },
      "engines": {
        "node": ">=10"
      }
    },
    "node_modules/stoppable": {
      "version": "1.1.0",
      "resolved": "https://registry.npmjs.org/stoppable/-/stoppable-1.1.0.tgz",
      "integrity": "sha512-KXDYZ9dszj6bzvnEMRYvxgeTHU74QBFL54XKtP3nyMuJ81CFYtABZ3bAzL2EdFUaEwJOBOgENyFj3R7oTzDyyw==",
      "engines": {
        "node": ">=4",
        "npm": ">=6"
      }
    },
    "node_modules/tslib": {
      "version": "2.4.0",
      "resolved": "https://registry.npmjs.org/tslib/-/tslib-2.4.0.tgz",
      "integrity": "sha512-d6xOpEDfsi2CZVlPQzGeux8XMwLT9hssAsaPYExaQMuYskwb+x1x7J371tWlbBdWHroy99KnVB6qIkUbs5X3UQ=="
    },
    "node_modules/uuid": {
      "version": "8.3.2",
      "resolved": "https://registry.npmjs.org/uuid/-/uuid-8.3.2.tgz",
      "integrity": "sha512-+NYs2QeMWy+GWFOEm9xnn6HCDp0l7QBD7ml8zLUmJ+93Q5NF0NocErnwkTkXVFNiX3/fpC6afS8Dhb/gz7R7eg==",
      "bin": {
        "uuid": "dist/bin/uuid"
      }
    },
    "node_modules/yallist": {
      "version": "4.0.0",
      "resolved": "https://registry.npmjs.org/yallist/-/yallist-4.0.0.tgz",
      "integrity": "sha512-3wdGidZyq5PB084XLES5TpOSRA3wjXAlIWMhum2kRcv/41Sn2emQ0dycQW4uZXLejwKvg6EsvbdlVL+FYEct7A=="
    }
  },
  "dependencies": {
    "@azure/abort-controller": {
      "version": "1.1.0",
      "resolved": "https://registry.npmjs.org/@azure/abort-controller/-/abort-controller-1.1.0.tgz",
      "integrity": "sha512-TrRLIoSQVzfAJX9H1JeFjzAoDGcoK1IYX1UImfceTZpsyYfWr09Ss1aHW1y5TrrR3iq6RZLBwJ3E24uwPhwahw==",
      "requires": {
        "tslib": "^2.2.0"
      }
    },
    "@azure/core-auth": {
      "version": "1.4.0",
      "resolved": "https://registry.npmjs.org/@azure/core-auth/-/core-auth-1.4.0.tgz",
      "integrity": "sha512-HFrcTgmuSuukRf/EdPmqBrc5l6Q5Uu+2TbuhaKbgaCpP2TfAeiNaQPAadxO+CYBRHGUzIDteMAjFspFLDLnKVQ==",
      "requires": {
        "@azure/abort-controller": "^1.0.0",
        "tslib": "^2.2.0"
      }
    },
    "@azure/core-client": {
      "version": "1.6.1",
      "resolved": "https://registry.npmjs.org/@azure/core-client/-/core-client-1.6.1.tgz",
      "integrity": "sha512-mZ1MSKhZBYoV8GAWceA+PEJFWV2VpdNSpxxcj1wjIAOi00ykRuIQChT99xlQGZWLY3/NApWhSImlFwsmCEs4vA==",
      "requires": {
        "@azure/abort-controller": "^1.0.0",
        "@azure/core-auth": "^1.4.0",
        "@azure/core-rest-pipeline": "^1.9.1",
        "@azure/core-tracing": "^1.0.0",
        "@azure/core-util": "^1.0.0",
        "@azure/logger": "^1.0.0",
        "tslib": "^2.2.0"
      }
    },
    "@azure/core-http-compat": {
      "version": "1.3.0",
      "resolved": "https://registry.npmjs.org/@azure/core-http-compat/-/core-http-compat-1.3.0.tgz",
      "integrity": "sha512-ZN9avruqbQ5TxopzG3ih3KRy52n8OAbitX3fnZT5go4hzu0J+KVPSzkL+Wt3hpJpdG8WIfg1sBD1tWkgUdEpBA==",
      "requires": {
        "@azure/abort-controller": "^1.0.4",
        "@azure/core-client": "^1.3.0",
        "@azure/core-rest-pipeline": "^1.3.0"
      }
    },
    "@azure/core-lro": {
      "version": "2.4.0",
      "resolved": "https://registry.npmjs.org/@azure/core-lro/-/core-lro-2.4.0.tgz",
      "integrity": "sha512-F65+rYkll1dpw3RGm8/SSiSj+/QkMeYDanzS/QKlM1dmuneVyXbO46C88V1MRHluLGdMP6qfD3vDRYALn0z0tQ==",
      "requires": {
        "@azure/abort-controller": "^1.0.0",
        "@azure/logger": "^1.0.0",
        "tslib": "^2.2.0"
      }
    },
    "@azure/core-paging": {
      "version": "1.3.0",
      "resolved": "https://registry.npmjs.org/@azure/core-paging/-/core-paging-1.3.0.tgz",
      "integrity": "sha512-H6Tg9eBm0brHqLy0OSAGzxIh1t4UL8eZVrSUMJ60Ra9cwq2pOskFqVpz2pYoHDsBY1jZ4V/P8LRGb5D5pmC6rg==",
      "requires": {
        "tslib": "^2.2.0"
      }
    },
    "@azure/core-rest-pipeline": {
      "version": "1.9.2",
      "resolved": "https://registry.npmjs.org/@azure/core-rest-pipeline/-/core-rest-pipeline-1.9.2.tgz",
      "integrity": "sha512-8rXI6ircjenaLp+PkOFpo37tQ1PQfztZkfVj97BIF3RPxHAsoVSgkJtu3IK/bUEWcb7HzXSoyBe06M7ODRkRyw==",
      "requires": {
        "@azure/abort-controller": "^1.0.0",
        "@azure/core-auth": "^1.4.0",
        "@azure/core-tracing": "^1.0.1",
        "@azure/core-util": "^1.0.0",
        "@azure/logger": "^1.0.0",
        "form-data": "^4.0.0",
        "http-proxy-agent": "^5.0.0",
        "https-proxy-agent": "^5.0.0",
        "tslib": "^2.2.0",
        "uuid": "^8.3.0"
      }
    },
    "@azure/core-tracing": {
      "version": "1.0.1",
      "resolved": "https://registry.npmjs.org/@azure/core-tracing/-/core-tracing-1.0.1.tgz",
      "integrity": "sha512-I5CGMoLtX+pI17ZdiFJZgxMJApsK6jjfm85hpgp3oazCdq5Wxgh4wMr7ge/TTWW1B5WBuvIOI1fMU/FrOAMKrw==",
      "requires": {
        "tslib": "^2.2.0"
      }
    },
    "@azure/core-util": {
      "version": "1.1.0",
      "resolved": "https://registry.npmjs.org/@azure/core-util/-/core-util-1.1.0.tgz",
      "integrity": "sha512-+i93lNJNA3Pl3KSuC6xKP2jTL4YFeDfO6VNOaYdk0cppZcLCxt811gS878VsqsCisaltdhl9lhMzK5kbxCiF4w==",
      "requires": {
        "tslib": "^2.2.0"
      }
    },
    "@azure/identity": {
      "version": "3.1.4",
      "resolved": "https://registry.npmjs.org/@azure/identity/-/identity-3.1.4.tgz",
      "integrity": "sha512-USvxmO6p7dFEcz1e0Kq/WQY6YbvX8hOeIibxxLBQC4Pxl4QK+DL72agZ9e5RYZc55QjC7Ja6q1+mQaXfmbrLhA==",
      "requires": {
        "@azure/abort-controller": "^1.0.0",
        "@azure/core-auth": "^1.3.0",
        "@azure/core-client": "^1.4.0",
        "@azure/core-rest-pipeline": "^1.1.0",
        "@azure/core-tracing": "^1.0.0",
        "@azure/core-util": "^1.0.0",
        "@azure/logger": "^1.0.0",
        "@azure/msal-browser": "^2.32.2",
        "@azure/msal-common": "^9.0.2",
        "@azure/msal-node": "^1.14.6",
        "events": "^3.0.0",
        "jws": "^4.0.0",
        "open": "^8.0.0",
        "stoppable": "^1.1.0",
        "tslib": "^2.2.0",
        "uuid": "^8.3.0"
      }
    },
    "@azure/keyvault-secrets": {
      "version": "4.6.0",
      "resolved": "https://registry.npmjs.org/@azure/keyvault-secrets/-/keyvault-secrets-4.6.0.tgz",
      "integrity": "sha512-MDqsyODCGC2srqLKmO6MFw9WdgLrbPsfCNxgbekHXEd6XKM6KKyBlup5joj96EmdfZnXDFriecAIpj0Dtu81RQ==",
      "requires": {
        "@azure/abort-controller": "^1.0.0",
        "@azure/core-auth": "^1.3.0",
        "@azure/core-client": "^1.5.0",
        "@azure/core-http-compat": "^1.3.0",
        "@azure/core-lro": "^2.2.0",
        "@azure/core-paging": "^1.1.1",
        "@azure/core-rest-pipeline": "^1.8.0",
        "@azure/core-tracing": "^1.0.0",
        "@azure/core-util": "^1.0.0",
        "@azure/logger": "^1.0.0",
        "tslib": "^2.2.0"
      }
    },
    "@azure/logger": {
      "version": "1.0.3",
      "resolved": "https://registry.npmjs.org/@azure/logger/-/logger-1.0.3.tgz",
      "integrity": "sha512-aK4s3Xxjrx3daZr3VylxejK3vG5ExXck5WOHDJ8in/k9AqlfIyFMMT1uG7u8mNjX+QRILTIn0/Xgschfh/dQ9g==",
      "requires": {
        "tslib": "^2.2.0"
      }
    },
    "@azure/msal-browser": {
      "version": "2.36.0",
      "resolved": "https://registry.npmjs.org/@azure/msal-browser/-/msal-browser-2.36.0.tgz",
      "integrity": "sha512-OrVDZ9ftO7ExqZVHripAt+doKg6G14YbP2LoSygiWQoSqoO4CejoXLRLqANc/HGg18N0p/oaRETw4IHZvwsxZw==",
      "requires": {
        "@azure/msal-common": "^12.1.0"
      },
      "dependencies": {
        "@azure/msal-common": {
          "version": "12.1.0",
          "resolved": "https://registry.npmjs.org/@azure/msal-common/-/msal-common-12.1.0.tgz",
          "integrity": "sha512-9RUiv0evSHvYtvF7r9ksShw9FgCeT6Rf6JB/SOMbMzI0VySZDUBSE+0b9e7DgL2Ph8wSARIh3m8c5pCK9TRY3w=="
        }
      }
    },
    "@azure/msal-common": {
      "version": "9.1.1",
      "resolved": "https://registry.npmjs.org/@azure/msal-common/-/msal-common-9.1.1.tgz",
      "integrity": "sha512-we9xR8lvu47fF0h+J8KyXoRy9+G/fPzm3QEa2TrdR3jaVS3LKAyE2qyMuUkNdbVkvzl8Zr9f7l+IUSP22HeqXw=="
    },
    "@azure/msal-node": {
      "version": "1.14.6",
      "resolved": "https://registry.npmjs.org/@azure/msal-node/-/msal-node-1.14.6.tgz",
      "integrity": "sha512-em/qqFL5tLMxMPl9vormAs13OgZpmQoJbiQ/GlWr+BA77eCLoL+Ehr5xRHowYo+LFe5b+p+PJVkRvT+mLvOkwA==",
      "requires": {
        "@azure/msal-common": "^9.0.2",
        "jsonwebtoken": "^9.0.0",
        "uuid": "^8.3.0"
      }
    },
    "@tootallnate/once": {
      "version": "2.0.0",
      "resolved": "https://registry.npmjs.org/@tootallnate/once/-/once-2.0.0.tgz",
      "integrity": "sha512-XCuKFP5PS55gnMVu3dty8KPatLqUoy/ZYzDzAGCQ8JNFCkLXzmI7vNHCR+XpbZaMWQK/vQubr7PkYq8g470J/A=="
    },
    "agent-base": {
      "version": "6.0.2",
      "resolved": "https://registry.npmjs.org/agent-base/-/agent-base-6.0.2.tgz",
      "integrity": "sha512-RZNwNclF7+MS/8bDg70amg32dyeZGZxiDuQmZxKLAlQjr3jGyLx+4Kkk58UO7D2QdgFIQCovuSuZESne6RG6XQ==",
      "requires": {
        "debug": "4"
      }
    },
    "asynckit": {
      "version": "0.4.0",
      "resolved": "https://registry.npmjs.org/asynckit/-/asynckit-0.4.0.tgz",
      "integrity": "sha512-Oei9OH4tRh0YqU3GxhX79dM/mwVgvbZJaSNaRk+bshkj0S5cfHcgYakreBjrHwatXKbz+IoIdYLxrKim2MjW0Q=="
    },
    "buffer-equal-constant-time": {
      "version": "1.0.1",
      "resolved": "https://registry.npmjs.org/buffer-equal-constant-time/-/buffer-equal-constant-time-1.0.1.tgz",
      "integrity": "sha512-zRpUiDwd/xk6ADqPMATG8vc9VPrkck7T07OIx0gnjmJAnHnTVXNQG3vfvWNuiZIkwu9KrKdA1iJKfsfTVxE6NA=="
    },
    "combined-stream": {
      "version": "1.0.8",
      "resolved": "https://registry.npmjs.org/combined-stream/-/combined-stream-1.0.8.tgz",
      "integrity": "sha512-FQN4MRfuJeHf7cBbBMJFXhKSDq+2kAArBlmRBvcvFE5BB1HZKXtSFASDhdlz9zOYwxh8lDdnvmMOe/+5cdoEdg==",
      "requires": {
        "delayed-stream": "~1.0.0"
      }
    },
    "debug": {
      "version": "4.3.4",
      "resolved": "https://registry.npmjs.org/debug/-/debug-4.3.4.tgz",
      "integrity": "sha512-PRWFHuSU3eDtQJPvnNY7Jcket1j0t5OuOsFzPPzsekD52Zl8qUfFIPEiswXqIvHWGVHOgX+7G/vCNNhehwxfkQ==",
      "requires": {
        "ms": "2.1.2"
      }
    },
    "define-lazy-prop": {
      "version": "2.0.0",
      "resolved": "https://registry.npmjs.org/define-lazy-prop/-/define-lazy-prop-2.0.0.tgz",
      "integrity": "sha512-Ds09qNh8yw3khSjiJjiUInaGX9xlqZDY7JVryGxdxV7NPeuqQfplOpQ66yJFZut3jLa5zOwkXw1g9EI2uKh4Og=="
    },
    "delayed-stream": {
      "version": "1.0.0",
      "resolved": "https://registry.npmjs.org/delayed-stream/-/delayed-stream-1.0.0.tgz",
      "integrity": "sha512-ZySD7Nf91aLB0RxL4KGrKHBXl7Eds1DAmEdcoVawXnLD7SDhpNgtuII2aAkg7a7QS41jxPSZ17p4VdGnMHk3MQ=="
    },
    "ecdsa-sig-formatter": {
      "version": "1.0.11",
      "resolved": "https://registry.npmjs.org/ecdsa-sig-formatter/-/ecdsa-sig-formatter-1.0.11.tgz",
      "integrity": "sha512-nagl3RYrbNv6kQkeJIpt6NJZy8twLB/2vtz6yN9Z4vRKHN4/QZJIEbqohALSgwKdnksuY3k5Addp5lg8sVoVcQ==",
      "requires": {
        "safe-buffer": "^5.0.1"
      }
    },
    "events": {
      "version": "3.3.0",
      "resolved": "https://registry.npmjs.org/events/-/events-3.3.0.tgz",
      "integrity": "sha512-mQw+2fkQbALzQ7V0MY0IqdnXNOeTtP4r0lN9z7AAawCXgqea7bDii20AYrIBrFd/Hx0M2Ocz6S111CaFkUcb0Q=="
    },
    "form-data": {
      "version": "4.0.0",
      "resolved": "https://registry.npmjs.org/form-data/-/form-data-4.0.0.tgz",
      "integrity": "sha512-ETEklSGi5t0QMZuiXoA/Q6vcnxcLQP5vdugSpuAyi6SVGi2clPPp+xgEhuMaHC+zGgn31Kd235W35f7Hykkaww==",
      "requires": {
        "asynckit": "^0.4.0",
        "combined-stream": "^1.0.8",
        "mime-types": "^2.1.12"
      }
    },
    "http-proxy-agent": {
      "version": "5.0.0",
      "resolved": "https://registry.npmjs.org/http-proxy-agent/-/http-proxy-agent-5.0.0.tgz",
      "integrity": "sha512-n2hY8YdoRE1i7r6M0w9DIw5GgZN0G25P8zLCRQ8rjXtTU3vsNFBI/vWK/UIeE6g5MUUz6avwAPXmL6Fy9D/90w==",
      "requires": {
        "@tootallnate/once": "2",
        "agent-base": "6",
        "debug": "4"
      }
    },
    "https-proxy-agent": {
      "version": "5.0.1",
      "resolved": "https://registry.npmjs.org/https-proxy-agent/-/https-proxy-agent-5.0.1.tgz",
      "integrity": "sha512-dFcAjpTQFgoLMzC2VwU+C/CbS7uRL0lWmxDITmqm7C+7F0Odmj6s9l6alZc6AELXhrnggM2CeWSXHGOdX2YtwA==",
      "requires": {
        "agent-base": "6",
        "debug": "4"
      }
    },
    "is-docker": {
      "version": "2.2.1",
      "resolved": "https://registry.npmjs.org/is-docker/-/is-docker-2.2.1.tgz",
      "integrity": "sha512-F+i2BKsFrH66iaUFc0woD8sLy8getkwTwtOBjvs56Cx4CgJDeKQeqfz8wAYiSb8JOprWhHH5p77PbmYCvvUuXQ=="
    },
    "is-wsl": {
      "version": "2.2.0",
      "resolved": "https://registry.npmjs.org/is-wsl/-/is-wsl-2.2.0.tgz",
      "integrity": "sha512-fKzAra0rGJUUBwGBgNkHZuToZcn+TtXHpeCgmkMJMMYx1sQDYaCSyjJBSCa2nH1DGm7s3n1oBnohoVTBaN7Lww==",
      "requires": {
        "is-docker": "^2.0.0"
      }
    },
    "jsonwebtoken": {
      "version": "9.0.0",
      "resolved": "https://registry.npmjs.org/jsonwebtoken/-/jsonwebtoken-9.0.0.tgz",
      "integrity": "sha512-tuGfYXxkQGDPnLJ7SibiQgVgeDgfbPq2k2ICcbgqW8WxWLBAxKQM/ZCu/IT8SOSwmaYl4dpTFCW5xZv7YbbWUw==",
      "requires": {
        "jws": "^3.2.2",
        "lodash": "^4.17.21",
        "ms": "^2.1.1",
        "semver": "^7.3.8"
      },
      "dependencies": {
        "jwa": {
          "version": "1.4.1",
          "resolved": "https://registry.npmjs.org/jwa/-/jwa-1.4.1.tgz",
          "integrity": "sha512-qiLX/xhEEFKUAJ6FiBMbes3w9ATzyk5W7Hvzpa/SLYdxNtng+gcurvrI7TbACjIXlsJyr05/S1oUhZrc63evQA==",
          "requires": {
            "buffer-equal-constant-time": "1.0.1",
            "ecdsa-sig-formatter": "1.0.11",
            "safe-buffer": "^5.0.1"
          }
        },
        "jws": {
          "version": "3.2.2",
          "resolved": "https://registry.npmjs.org/jws/-/jws-3.2.2.tgz",
          "integrity": "sha512-YHlZCB6lMTllWDtSPHz/ZXTsi8S00usEV6v1tjq8tOUZzw7DpSDWVXjXDre6ed1w/pd495ODpHZYSdkRTsa0HA==",
          "requires": {
            "jwa": "^1.4.1",
            "safe-buffer": "^5.0.1"
          }
        }
      }
    },
    "jwa": {
      "version": "2.0.0",
      "resolved": "https://registry.npmjs.org/jwa/-/jwa-2.0.0.tgz",
      "integrity": "sha512-jrZ2Qx916EA+fq9cEAeCROWPTfCwi1IVHqT2tapuqLEVVDKFDENFw1oL+MwrTvH6msKxsd1YTDVw6uKEcsrLEA==",
      "requires": {
        "buffer-equal-constant-time": "1.0.1",
        "ecdsa-sig-formatter": "1.0.11",
        "safe-buffer": "^5.0.1"
      }
    },
    "jws": {
      "version": "4.0.0",
      "resolved": "https://registry.npmjs.org/jws/-/jws-4.0.0.tgz",
      "integrity": "sha512-KDncfTmOZoOMTFG4mBlG0qUIOlc03fmzH+ru6RgYVZhPkyiy/92Owlt/8UEN+a4TXR1FQetfIpJE8ApdvdVxTg==",
      "requires": {
        "jwa": "^2.0.0",
        "safe-buffer": "^5.0.1"
      }
    },
    "lodash": {
      "version": "4.17.21",
      "resolved": "https://registry.npmjs.org/lodash/-/lodash-4.17.21.tgz",
      "integrity": "sha512-v2kDEe57lecTulaDIuNTPy3Ry4gLGJ6Z1O3vE1krgXZNrsQ+LFTGHVxVjcXPs17LhbZVGedAJv8XZ1tvj5FvSg=="
    },
    "lru-cache": {
      "version": "6.0.0",
      "resolved": "https://registry.npmjs.org/lru-cache/-/lru-cache-6.0.0.tgz",
      "integrity": "sha512-Jo6dJ04CmSjuznwJSS3pUeWmd/H0ffTlkXXgwZi+eq1UCmqQwCh+eLsYOYCwY991i2Fah4h1BEMCx4qThGbsiA==",
      "requires": {
        "yallist": "^4.0.0"
      }
    },
    "mime-db": {
      "version": "1.52.0",
      "resolved": "https://registry.npmjs.org/mime-db/-/mime-db-1.52.0.tgz",
      "integrity": "sha512-sPU4uV7dYlvtWJxwwxHD0PuihVNiE7TyAbQ5SWxDCB9mUYvOgroQOwYQQOKPJ8CIbE+1ETVlOoK1UC2nU3gYvg=="
    },
    "mime-types": {
      "version": "2.1.35",
      "resolved": "https://registry.npmjs.org/mime-types/-/mime-types-2.1.35.tgz",
      "integrity": "sha512-ZDY+bPm5zTTF+YpCrAU9nK0UgICYPT0QtT1NZWFv4s++TNkcgVaT0g6+4R2uI4MjQjzysHB1zxuWL50hzaeXiw==",
      "requires": {
        "mime-db": "1.52.0"
      }
    },
    "ms": {
      "version": "2.1.2",
      "resolved": "https://registry.npmjs.org/ms/-/ms-2.1.2.tgz",
      "integrity": "sha512-sGkPx+VjMtmA6MX27oA4FBFELFCZZ4S4XqeGOXCv68tT+jb3vk/RyaKWP0PTKyWtmLSM0b+adUTEvbs1PEaH2w=="
    },
    "open": {
      "version": "8.4.0",
      "resolved": "https://registry.npmjs.org/open/-/open-8.4.0.tgz",
      "integrity": "sha512-XgFPPM+B28FtCCgSb9I+s9szOC1vZRSwgWsRUA5ylIxRTgKozqjOCrVOqGsYABPYK5qnfqClxZTFBa8PKt2v6Q==",
      "requires": {
        "define-lazy-prop": "^2.0.0",
        "is-docker": "^2.1.1",
        "is-wsl": "^2.2.0"
      }
    },
    "safe-buffer": {
      "version": "5.2.1",
      "resolved": "https://registry.npmjs.org/safe-buffer/-/safe-buffer-5.2.1.tgz",
      "integrity": "sha512-rp3So07KcdmmKbGvgaNxQSJr7bGVSVk5S9Eq1F+ppbRo70+YeaDxkw5Dd8NPN+GD6bjnYm2VuPuCXmpuYvmCXQ=="
    },
    "semver": {
      "version": "7.3.8",
      "resolved": "https://registry.npmjs.org/semver/-/semver-7.3.8.tgz",
      "integrity": "sha512-NB1ctGL5rlHrPJtFDVIVzTyQylMLu9N9VICA6HSFJo8MCGVTMW6gfpicwKmmK/dAjTOrqu5l63JJOpDSrAis3A==",
      "requires": {
        "lru-cache": "^6.0.0"
      }
    },
    "stoppable": {
      "version": "1.1.0",
      "resolved": "https://registry.npmjs.org/stoppable/-/stoppable-1.1.0.tgz",
      "integrity": "sha512-KXDYZ9dszj6bzvnEMRYvxgeTHU74QBFL54XKtP3nyMuJ81CFYtABZ3bAzL2EdFUaEwJOBOgENyFj3R7oTzDyyw=="
    },
    "tslib": {
      "version": "2.4.0",
      "resolved": "https://registry.npmjs.org/tslib/-/tslib-2.4.0.tgz",
      "integrity": "sha512-d6xOpEDfsi2CZVlPQzGeux8XMwLT9hssAsaPYExaQMuYskwb+x1x7J371tWlbBdWHroy99KnVB6qIkUbs5X3UQ=="
    },
    "uuid": {
      "version": "8.3.2",
      "resolved": "https://registry.npmjs.org/uuid/-/uuid-8.3.2.tgz",
      "integrity": "sha512-+NYs2QeMWy+GWFOEm9xnn6HCDp0l7QBD7ml8zLUmJ+93Q5NF0NocErnwkTkXVFNiX3/fpC6afS8Dhb/gz7R7eg=="
    },
    "yallist": {
      "version": "4.0.0",
      "resolved": "https://registry.npmjs.org/yallist/-/yallist-4.0.0.tgz",
      "integrity": "sha512-3wdGidZyq5PB084XLES5TpOSRA3wjXAlIWMhum2kRcv/41Sn2emQ0dycQW4uZXLejwKvg6EsvbdlVL+FYEct7A=="
    }
  }
}
